
Microsoft Visual Studio Solution File, Format Version 12.00
# Visual Studio Version 17
VisualStudioVersion = 17.2.32630.192
MinimumVisualStudioVersion = 10.0.40219.1
Project("{9A19103F-16F7-4668-BE54-9A1E7A4F7556}") = "ASPChess.Server", "ASPChess\Server\ASPChess.Server.csproj", "{31EBB5D2-012C-4617-AF07-32D02C0CAE71}"
EndProject
Project("{9A19103F-16F7-4668-BE54-9A1E7A4F7556}") = "ASPChess.Client", "ASPChess\Client\ASPChess.Client.csproj", "{21121926-D9A6-464F-B16F-FCC96AA02E18}"
EndProject
Project("{9A19103F-16F7-4668-BE54-9A1E7A4F7556}") = "ASPChess.Shared", "ASPChess\Shared\ASPChess.Shared.csproj", "{71B19EBB-0E86-42CC-9B81-10B2E68EBF6F}"
	ProjectSection(ProjectDependencies) = postProject
		{3E1A7F88-D464-4C58-A119-D28EBB370158} = {3E1A7F88-D464-4C58-A119-D28EBB370158}
	EndProjectSection
EndProject
Project("{9A19103F-16F7-4668-BE54-9A1E7A4F7556}") = "Games", "ASPChess\Games\Games.csproj", "{3E1A7F88-D464-4C58-A119-D28EBB370158}"
EndProject
Global
	GlobalSection(SolutionConfigurationPlatforms) = preSolution
		Debug|Any CPU = Debug|Any CPU
		Release|Any CPU = Release|Any CPU
	EndGlobalSection
	GlobalSection(ProjectConfigurationPlatforms) = postSolution
		{31EBB5D2-012C-4617-AF07-32D02C0CAE71}.Debug|Any CPU.ActiveCfg = Debug|Any CPU
		{31EBB5D2-012C-4617-AF07-32D02C0CAE71}.Debug|Any CPU.Build.0 = Debug|Any CPU
		{31EBB5D2-012C-4617-AF07-32D02C0CAE71}.Release|Any CPU.ActiveCfg = Release|Any CPU
		{31EBB5D2-012C-4617-AF07-32D02C0CAE71}.Release|Any CPU.Build.0 = Release|Any CPU
		{21121926-D9A6-464F-B16F-FCC96AA02E18}.Debug|Any CPU.ActiveCfg = Debug|Any CPU
		{21121926-D9A6-464F-B16F-FCC96AA02E18}.Debug|Any CPU.Build.0 = Debug|Any CPU
		{21121926-D9A6-464F-B16F-FCC96AA02E18}.Release|Any CPU.ActiveCfg = Release|Any CPU
		{21121926-D9A6-464F-B16F-FCC96AA02E18}.Release|Any CPU.Build.0 = Release|Any CPU
		{71B19EBB-0E86-42CC-9B81-10B2E68EBF6F}.Debug|Any CPU.ActiveCfg = Debug|Any CPU
		{71B19EBB-0E86-42CC-9B81-10B2E68EBF6F}.Debug|Any CPU.Build.0 = Debug|Any CPU
		{71B19EBB-0E86-42CC-9B81-10B2E68EBF6F}.Release|Any CPU.ActiveCfg = Release|Any CPU
		{71B19EBB-0E86-42CC-9B81-10B2E68EBF6F}.Release|Any CPU.Build.0 = Release|Any CPU
		{3E1A7F88-D464-4C58-A119-D28EBB370158}.Debug|Any CPU.ActiveCfg = Debug|Any CPU
		{3E1A7F88-D464-4C58-A119-D28EBB370158}.Debug|Any CPU.Build.0 = Debug|Any CPU
		{3E1A7F88-D464-4C58-A119-D28EBB370158}.Release|Any CPU.ActiveCfg = Release|Any CPU
		{3E1A7F88-D464-4C58-A119-D28EBB370158}.Release|Any CPU.Build.0 = Release|Any CPU
	EndGlobalSection
	GlobalSection(SolutionProperties) = preSolution
		HideSolutionNode = FALSE
	EndGlobalSection
	GlobalSection(ExtensibilityGlobals) = postSolution
		SolutionGuid = {817E38FD-DF1E-4C05-A019-D67632F0BAE8}
	EndGlobalSection
EndGlobal
